{
  "name": "bpmnjs",
  "version": "1.0.0",
  "lockfileVersion": 3,
  "requires": true,
  "packages": {
    "": {
      "name": "bpmnjs",
      "version": "1.0.0",
      "license": "Apache-2.0",
      "dependencies": {
        "vue-bpmn": "^0.3.0"
      }
    },
    "node_modules/vue-bpmn": {
      "version": "0.3.0",
      "resolved": "https://registry.npmjs.org/vue-bpmn/-/vue-bpmn-0.3.0.tgz",
      "integrity": "sha512-gp43Qx34HzOIbhzxFL3gXmkc28NDQE79boPcqMHbQ6y351Jys7tPk+mdsKATIN5IAM2UfraIQxhylvb4/vubgA=="
    }
  }
}
